{
  "name": "clpp_interstitial_demo",
  "version": "1.0.0",
  "lockfileVersion": 2,
  "requires": true,
  "packages": {
    "": {
      "name": "clpp_interstitial_demo",
      "version": "1.0.0",
      "license": "ISC",
      "dependencies": {
        "@castlabs/prestoplay": "^6.16.1-beta.2"
      }
    },
    "node_modules/@castlabs/prestoplay": {
      "version": "6.16.1-beta.2",
      "resolved": "https://registry.npmjs.org/@castlabs/prestoplay/-/prestoplay-6.16.1-beta.2.tgz",
      "integrity": "sha512-7Oe7uWaGabCvdWmHF/werz+pQmTkTptCx+Nrbi3EZZjwAwXi2YoVmcH8HqWlQ5X+/sj52bW54e7/anSSGObtlg==",
      "peerDependencies": {
        "@broadpeak/smartlib": "5.0.1-4c69e21",
        "@broadpeak/smartlib-all-compatibility": "5.0.1-4c69e21",
        "@broadpeak/smartlib-analytics": "5.0.1-4c69e21",
        "mux.js": "^5.14.1",
        "youboralib": "6.8.57"
      },
      "peerDependenciesMeta": {
        "@broadpeak/smartlib": {
          "optional": true
        },
        "@broadpeak/smartlib-all-compatibility": {
          "optional": true
        },
        "@broadpeak/smartlib-analytics": {
          "optional": true
        },
        "mux.js": {
          "optional": true
        },
        "youboralib": {
          "optional": true
        }
      }
    }
  },
  "dependencies": {
    "@castlabs/prestoplay": {
      "version": "6.16.1-beta.2",
      "resolved": "https://registry.npmjs.org/@castlabs/prestoplay/-/prestoplay-6.16.1-beta.2.tgz",
      "integrity": "sha512-7Oe7uWaGabCvdWmHF/werz+pQmTkTptCx+Nrbi3EZZjwAwXi2YoVmcH8HqWlQ5X+/sj52bW54e7/anSSGObtlg==",
      "requires": {}
    }
  }
}
