{
  "name": "clpp_interstitial_demo",
  "version": "1.0.0",
  "lockfileVersion": 2,
  "requires": true,
  "packages": {
    "": {
      "name": "clpp_interstitial_demo",
      "version": "1.0.0",
      "license": "ISC",
      "dependencies": {
        "@castlabs/prestoplay": "^6.19.0"
      }
    },
    "node_modules/@castlabs/prestoplay": {
      "version": "6.19.0",
      "resolved": "https://registry.npmjs.org/@castlabs/prestoplay/-/prestoplay-6.19.0.tgz",
      "integrity": "sha512-FUsoYkruG2I1Q4x+dD9IXKSo/4XBxM4/5QJXUbxi4bX8Sk/Do20nfrVYS73AtmwWHWqA6JjDrHE32q9yqheowg==",
      "peerDependencies": {
        "@broadpeak/smartlib": "5.0.1-4c69e21",
        "@broadpeak/smartlib-all-compatibility": "5.0.1-4c69e21",
        "@broadpeak/smartlib-analytics": "5.0.1-4c69e21",
        "mux.js": "^5.14.1",
        "youboralib": "6.8.59"
      },
      "peerDependenciesMeta": {
        "@broadpeak/smartlib": {
          "optional": true
        },
        "@broadpeak/smartlib-all-compatibility": {
          "optional": true
        },
        "@broadpeak/smartlib-analytics": {
          "optional": true
        },
        "mux.js": {
          "optional": true
        },
        "youboralib": {
          "optional": true
        }
      }
    }
  },
  "dependencies": {
    "@castlabs/prestoplay": {
      "version": "6.19.0",
      "resolved": "https://registry.npmjs.org/@castlabs/prestoplay/-/prestoplay-6.19.0.tgz",
      "integrity": "sha512-FUsoYkruG2I1Q4x+dD9IXKSo/4XBxM4/5QJXUbxi4bX8Sk/Do20nfrVYS73AtmwWHWqA6JjDrHE32q9yqheowg==",
      "requires": {}
    }
  }
}
